
Microsoft Visual Studio Solution File, Format Version 12.00
# Visual Studio Version 17
VisualStudioVersion = 17.0.31903.59
MinimumVisualStudioVersion = 10.0.40219.1
Project("{2150E333-8FDC-42A3-9474-1A3956D46DE8}") = "src", "src", "{7E757ACB-4FA5-4B9C-8F27-BE4BCE06375C}"
EndProject
Project("{FAE04EC0-301F-11D3-BF4B-00C04F79EFBC}") = "DotnetAnalyzer", "src\DotnetAnalyzer\DotnetAnalyzer.csproj", "{2182E438-243E-4533-99CB-846CDB686423}"
EndProject
Global
	GlobalSection(SolutionConfigurationPlatforms) = preSolution
		Debug|Any CPU = Debug|Any CPU
		Release|Any CPU = Release|Any CPU
	EndGlobalSection
	GlobalSection(SolutionProperties) = preSolution
		HideSolutionNode = FALSE
	EndGlobalSection
	GlobalSection(ProjectConfigurationPlatforms) = postSolution
		{2182E438-243E-4533-99CB-846CDB686423}.Debug|Any CPU.ActiveCfg = Debug|Any CPU
		{2182E438-243E-4533-99CB-846CDB686423}.Debug|Any CPU.Build.0 = Debug|Any CPU
		{2182E438-243E-4533-99CB-846CDB686423}.Release|Any CPU.ActiveCfg = Release|Any CPU
		{2182E438-243E-4533-99CB-846CDB686423}.Release|Any CPU.Build.0 = Release|Any CPU
	EndGlobalSection
	GlobalSection(NestedProjects) = preSolution
		{2182E438-243E-4533-99CB-846CDB686423} = {7E757ACB-4FA5-4B9C-8F27-BE4BCE06375C}
	EndGlobalSection
EndGlobal
